
Microsoft Visual Studio Solution File, Format Version 12.00
# Visual Studio Version 16
VisualStudioVersion = 16.0.30104.148
MinimumVisualStudioVersion = 10.0.40219.1
Project("{FAE04EC0-301F-11D3-BF4B-00C04F79EFBC}") = "AngularNETCore", "AngularNETCore\AngularNETCore.csproj", "{5951E63C-062B-47B6-82AD-3F780A3362CC}"
EndProject
Global
	GlobalSection(SolutionConfigurationPlatforms) = preSolution
		Debug|Any CPU = Debug|Any CPU
		Release|Any CPU = Release|Any CPU
	EndGlobalSection
	GlobalSection(ProjectConfigurationPlatforms) = postSolution
		{5951E63C-062B-47B6-82AD-3F780A3362CC}.Debug|Any CPU.ActiveCfg = Debug|Any CPU
		{5951E63C-062B-47B6-82AD-3F780A3362CC}.Debug|Any CPU.Build.0 = Debug|Any CPU
		{5951E63C-062B-47B6-82AD-3F780A3362CC}.Release|Any CPU.ActiveCfg = Release|Any CPU
		{5951E63C-062B-47B6-82AD-3F780A3362CC}.Release|Any CPU.Build.0 = Release|Any CPU
	EndGlobalSection
	GlobalSection(SolutionProperties) = preSolution
		HideSolutionNode = FALSE
	EndGlobalSection
	GlobalSection(ExtensibilityGlobals) = postSolution
		SolutionGuid = {35A5DE3A-80FC-4E09-A43F-19966740416F}
	EndGlobalSection
EndGlobal
