
Microsoft Visual Studio Solution File, Format Version 12.00
# Visual Studio Version 16
VisualStudioVersion = 16.0.30104.148
MinimumVisualStudioVersion = 10.0.40219.1
Project("{9A19103F-16F7-4668-BE54-9A1E7A4F7556}") = "AngularNETCore", "AngularNETCore\AngularNETCore.csproj", "{5951E63C-062B-47B6-82AD-3F780A3362CC}"
EndProject
Project("{FAE04EC0-301F-11D3-BF4B-00C04F79EFBC}") = "IzracunStevilaRondelic", "IzracunStevilaRondelic\IzracunStevilaRondelic.csproj", "{08865320-F51E-4729-9357-BB19E0D0AD8D}"
EndProject
Project("{FAE04EC0-301F-11D3-BF4B-00C04F79EFBC}") = "IzracunStevilaRondelicTest", "IzracunStevilaRondelicTest\IzracunStevilaRondelicTest.csproj", "{0A345AA0-C36D-4B6E-A819-B252A10BFE12}"
EndProject
Global
	GlobalSection(SolutionConfigurationPlatforms) = preSolution
		Debug|Any CPU = Debug|Any CPU
		Release|Any CPU = Release|Any CPU
	EndGlobalSection
	GlobalSection(ProjectConfigurationPlatforms) = postSolution
		{5951E63C-062B-47B6-82AD-3F780A3362CC}.Debug|Any CPU.ActiveCfg = Debug|Any CPU
		{5951E63C-062B-47B6-82AD-3F780A3362CC}.Debug|Any CPU.Build.0 = Debug|Any CPU
		{5951E63C-062B-47B6-82AD-3F780A3362CC}.Release|Any CPU.ActiveCfg = Release|Any CPU
		{5951E63C-062B-47B6-82AD-3F780A3362CC}.Release|Any CPU.Build.0 = Release|Any CPU
		{08865320-F51E-4729-9357-BB19E0D0AD8D}.Debug|Any CPU.ActiveCfg = Debug|Any CPU
		{08865320-F51E-4729-9357-BB19E0D0AD8D}.Debug|Any CPU.Build.0 = Debug|Any CPU
		{08865320-F51E-4729-9357-BB19E0D0AD8D}.Release|Any CPU.ActiveCfg = Release|Any CPU
		{08865320-F51E-4729-9357-BB19E0D0AD8D}.Release|Any CPU.Build.0 = Release|Any CPU
		{0A345AA0-C36D-4B6E-A819-B252A10BFE12}.Debug|Any CPU.ActiveCfg = Debug|Any CPU
		{0A345AA0-C36D-4B6E-A819-B252A10BFE12}.Debug|Any CPU.Build.0 = Debug|Any CPU
		{0A345AA0-C36D-4B6E-A819-B252A10BFE12}.Release|Any CPU.ActiveCfg = Release|Any CPU
		{0A345AA0-C36D-4B6E-A819-B252A10BFE12}.Release|Any CPU.Build.0 = Release|Any CPU
	EndGlobalSection
	GlobalSection(SolutionProperties) = preSolution
		HideSolutionNode = FALSE
	EndGlobalSection
	GlobalSection(ExtensibilityGlobals) = postSolution
		SolutionGuid = {35A5DE3A-80FC-4E09-A43F-19966740416F}
	EndGlobalSection
EndGlobal
